
Microsoft Visual Studio Solution File, Format Version 12.00
# Visual Studio Version 17
VisualStudioVersion = 17.8.34330.188
MinimumVisualStudioVersion = 10.0.40219.1
Project("{FAE04EC0-301F-11D3-BF4B-00C04F79EFBC}") = "WS-Client", "WS-Client\WS-Client.csproj", "{18215EF0-3DEA-46E6-A920-E49689C57507}"
EndProject
Global
	GlobalSection(SolutionConfigurationPlatforms) = preSolution
		Debug|Any CPU = Debug|Any CPU
		Release|Any CPU = Release|Any CPU
	EndGlobalSection
	GlobalSection(ProjectConfigurationPlatforms) = postSolution
		{18215EF0-3DEA-46E6-A920-E49689C57507}.Debug|Any CPU.ActiveCfg = Debug|Any CPU
		{18215EF0-3DEA-46E6-A920-E49689C57507}.Debug|Any CPU.Build.0 = Debug|Any CPU
		{18215EF0-3DEA-46E6-A920-E49689C57507}.Release|Any CPU.ActiveCfg = Release|Any CPU
		{18215EF0-3DEA-46E6-A920-E49689C57507}.Release|Any CPU.Build.0 = Release|Any CPU
	EndGlobalSection
	GlobalSection(SolutionProperties) = preSolution
		HideSolutionNode = FALSE
	EndGlobalSection
	GlobalSection(ExtensibilityGlobals) = postSolution
		SolutionGuid = {B7AA80CE-8549-4210-A407-C33D501A61B2}
	EndGlobalSection
EndGlobal
